// !$*UTF8*$!
{
	archiveVersion = 1;
	classes = {
	};
	objectVersion = 48;
	objects = {

/* Begin PBXBuildFile section */
		204E74D51FEEE9F8004C76F3 /* AppDelegate.swift in Sources */ = {isa = PBXBuildFile; fileRef = 204E74D41FEEE9F8004C76F3 /* AppDelegate.swift */; };
		204E74D71FEEE9F8004C76F3 /* ViewController.swift in Sources */ = {isa = PBXBuildFile; fileRef = 204E74D61FEEE9F8004C76F3 /* ViewController.swift */; };
		204E74D91FEEE9F8004C76F3 /* Assets.xcassets in Resources */ = {isa = PBXBuildFile; fileRef = 204E74D81FEEE9F8004C76F3 /* Assets.xcassets */; };
		204E74DC1FEEE9F8004C76F3 /* Main.storyboard in Resources */ = {isa = PBXBuildFile; fileRef = 204E74DA1FEEE9F8004C76F3 /* Main.storyboard */; };
		204E74E51FEEEA00004C76F3 /* TrackParser.swift in Sources */ = {isa = PBXBuildFile; fileRef = 204E74E41FEEEA00004C76F3 /* TrackParser.swift */; };
/* End PBXBuildFile section */

/* Begin PBXFileReference section */
		204E74D11FEEE9F8004C76F3 /* TrackParser.app */ = {isa = PBXFileReference; explicitFileType = wrapper.application; includeInIndex = 0; path = TrackParser.app; sourceTree = BUILT_PRODUCTS_DIR; };
		204E74D41FEEE9F8004C76F3 /* AppDelegate.swift */ = {isa = PBXFileReference; lastKnownFileType = sourcecode.swift; path = AppDelegate.swift; sourceTree = "<group>"; };
		204E74D61FEEE9F8004C76F3 /* ViewController.swift */ = {isa = PBXFileReference; lastKnownFileType = sourcecode.swift; path = ViewController.swift; sourceTree = "<group>"; };
		204E74D81FEEE9F8004C76F3 /* Assets.xcassets */ = {isa = PBXFileReference; lastKnownFileType = folder.assetcatalog; path = Assets.xcassets; sourceTree = "<group>"; };
		204E74DB1FEEE9F8004C76F3 /* Base */ = {isa = PBXFileReference; lastKnownFileType = file.storyboard; name = Base; path = Base.lproj/Main.storyboard; sourceTree = "<group>"; };
		204E74DD1FEEE9F8004C76F3 /* Info.plist */ = {isa = PBXFileReference; lastKnownFileType = text.plist.xml; path = Info.plist; sourceTree = "<group>"; };
		204E74DE1FEEE9F8004C76F3 /* TrackParser.entitlements */ = {isa = PBXFileReference; lastKnownFileType = text.plist.entitlements; path = TrackParser.entitlements; sourceTree = "<group>"; };
		204E74E41FEEEA00004C76F3 /* TrackParser.swift */ = {isa = PBXFileReference; fileEncoding = 4; lastKnownFileType = sourcecode.swift; path = TrackParser.swift; sourceTree = "<group>"; };
/* End PBXFileReference section */

/* Begin PBXFrameworksBuildPhase section */
		204E74CE1FEEE9F8004C76F3 /* Frameworks */ = {
			isa = PBXFrameworksBuildPhase;
			buildActionMask = 2147483647;
			files = (
			);
			runOnlyForDeploymentPostprocessing = 0;
		};
/* End PBXFrameworksBuildPhase section */

/* Begin PBXGroup section */
		204E74C81FEEE9F8004C76F3 = {
			isa = PBXGroup;
			children = (
				204E74D31FEEE9F8004C76F3 /* TrackParser */,
				204E74D21FEEE9F8004C76F3 /* Products */,
			);
			sourceTree = "<group>";
		};
		204E74D21FEEE9F8004C76F3 /* Products */ = {
			isa = PBXGroup;
			children = (
				204E74D11FEEE9F8004C76F3 /* TrackParser.app */,
			);
			name = Products;
			sourceTree = "<group>";
		};
		204E74D31FEEE9F8004C76F3 /* TrackParser */ = {
			isa = PBXGroup;
			children = (
				204E74D41FEEE9F8004C76F3 /* AppDelegate.swift */,
				204E74D61FEEE9F8004C76F3 /* ViewController.swift */,
				204E74E41FEEEA00004C76F3 /* TrackParser.swift */,
				204E74D81FEEE9F8004C76F3 /* Assets.xcassets */,
				204E74DA1FEEE9F8004C76F3 /* Main.storyboard */,
				204E74DD1FEEE9F8004C76F3 /* Info.plist */,
				204E74DE1FEEE9F8004C76F3 /* TrackParser.entitlements */,
			);
			path = TrackParser;
			sourceTree = "<group>";
		};
/* End PBXGroup section */

/* Begin PBXNativeTarget section */
		204E74D01FEEE9F8004C76F3 /* TrackParser */ = {
			isa = PBXNativeTarget;
			buildConfigurationList = 204E74E11FEEE9F8004C76F3 /* Build configuration list for PBXNativeTarget "TrackParser" */;
			buildPhases = (
				204E74CD1FEEE9F8004C76F3 /* Sources */,
				204E74CE1FEEE9F8004C76F3 /* Frameworks */,
				204E74CF1FEEE9F8004C76F3 /* Resources */,
			);
			buildRules = (
			);
			dependencies = (
			);
			name = TrackParser;
			productName = TrackParser;
			productReference = 204E74D11FEEE9F8004C76F3 /* TrackParser.app */;
			productType = "com.apple.product-type.application";
		};
/* End PBXNativeTarget section */

/* Begin PBXProject section */
		204E74C91FEEE9F8004C76F3 /* Project object */ = {
			isa = PBXProject;
			attributes = {
				LastSwiftUpdateCheck = 0920;
				LastUpgradeCheck = 0920;
				ORGANIZATIONNAME = "Ritam Sarmah";
				TargetAttributes = {
					204E74D01FEEE9F8004C76F3 = {
						CreatedOnToolsVersion = 9.2;
						ProvisioningStyle = Automatic;
					};
				};
			};
			buildConfigurationList = 204E74CC1FEEE9F8004C76F3 /* Build configuration list for PBXProject "TrackParser" */;
			compatibilityVersion = "Xcode 8.0";
			developmentRegion = en;
			hasScannedForEncodings = 0;
			knownRegions = (
				en,
				Base,
			);
			mainGroup = 204E74C81FEEE9F8004C76F3;
			productRefGroup = 204E74D21FEEE9F8004C76F3 /* Products */;
			projectDirPath = "";
			projectRoot = "";
			targets = (
				204E74D01FEEE9F8004C76F3 /* TrackParser */,
			);
		};
/* End PBXProject section */

/* Begin PBXResourcesBuildPhase section */
		204E74CF1FEEE9F8004C76F3 /* Resources */ = {
			isa = PBXResourcesBuildPhase;
			buildActionMask = 2147483647;
			files = (
				204E74D91FEEE9F8004C76F3 /* Assets.xcassets in Resources */,
				204E74DC1FEEE9F8004C76F3 /* Main.storyboard in Resources */,
			);
			runOnlyForDeploymentPostprocessing = 0;
		};
/* End PBXResourcesBuildPhase section */

/* Begin PBXSourcesBuildPhase section */
		204E74CD1FEEE9F8004C76F3 /* Sources */ = {
			isa = PBXSourcesBuildPhase;
			buildActionMask = 2147483647;
			files = (
				204E74D71FEEE9F8004C76F3 /* ViewController.swift in Sources */,
				204E74E51FEEEA00004C76F3 /* TrackParser.swift in Sources */,
				204E74D51FEEE9F8004C76F3 /* AppDelegate.swift in Sources */,
			);
			runOnlyForDeploymentPostprocessing = 0;
		};
/* End PBXSourcesBuildPhase section */

/* Begin PBXVariantGroup section */
		204E74DA1FEEE9F8004C76F3 /* Main.storyboard */ = {
			isa = PBXVariantGroup;
			children = (
				204E74DB1FEEE9F8004C76F3 /* Base */,
			);
			name = Main.storyboard;
			sourceTree = "<group>";
		};
/* End PBXVariantGroup section */

/* Begin XCBuildConfiguration section */
		204E74DF1FEEE9F8004C76F3 /* Debug */ = {
			isa = XCBuildConfiguration;
			buildSettings = {
				ALWAYS_SEARCH_USER_PATHS = NO;
				CLANG_ANALYZER_NONNULL = YES;
				CLANG_ANALYZER_NUMBER_OBJECT_CONVERSION = YES_AGGRESSIVE;
				CLANG_CXX_LANGUAGE_STANDARD = "gnu++14";
				CLANG_CXX_LIBRARY = "libc++";
				CLANG_ENABLE_MODULES = YES;
				CLANG_ENABLE_OBJC_ARC = YES;
				CLANG_WARN_BLOCK_CAPTURE_AUTORELEASING = YES;
				CLANG_WARN_BOOL_CONVERSION = YES;
				CLANG_WARN_COMMA = YES;
				CLANG_WARN_CONSTANT_CONVERSION = YES;
				CLANG_WARN_DIRECT_OBJC_ISA_USAGE = YES_ERROR;
				CLANG_WARN_DOCUMENTATION_COMMENTS = YES;
				CLANG_WARN_EMPTY_BODY = YES;
				CLANG_WARN_ENUM_CONVERSION = YES;
				CLANG_WARN_INFINITE_RECURSION = YES;
				CLANG_WARN_INT_CONVERSION = YES;
				CLANG_WARN_NON_LITERAL_NULL_CONVERSION = YES;
				CLANG_WARN_OBJC_LITERAL_CONVERSION = YES;
				CLANG_WARN_OBJC_ROOT_CLASS = YES_ERROR;
				CLANG_WARN_RANGE_LOOP_ANALYSIS = YES;
				CLANG_WARN_STRICT_PROTOTYPES = YES;
				CLANG_WARN_SUSPICIOUS_MOVE = YES;
				CLANG_WARN_UNGUARDED_AVAILABILITY = YES_AGGRESSIVE;
				CLANG_WARN_UNREACHABLE_CODE = YES;
				CLANG_WARN__DUPLICATE_METHOD_MATCH = YES;
				CODE_SIGN_IDENTITY = "Mac Developer";
				COPY_PHASE_STRIP = NO;
				DEBUG_INFORMATION_FORMAT = dwarf;
				ENABLE_STRICT_OBJC_MSGSEND = YES;
				ENABLE_TESTABILITY = YES;
				GCC_C_LANGUAGE_STANDARD = gnu11;
				GCC_DYNAMIC_NO_PIC = NO;
				GCC_NO_COMMON_BLOCKS = YES;
				GCC_OPTIMIZATION_LEVEL = 0;
				GCC_PREPROCESSOR_DEFINITIONS = (
					"DEBUG=1",
					"$(inherited)",
				);
				GCC_WARN_64_TO_32_BIT_CONVERSION = YES;
				GCC_WARN_ABOUT_RETURN_TYPE = YES_ERROR;
				GCC_WARN_UNDECLARED_SELECTOR = YES;
				GCC_WARN_UNINITIALIZED_AUTOS = YES_AGGRESSIVE;
				GCC_WARN_UNUSED_FUNCTION = YES;
				GCC_WARN_UNUSED_VARIABLE = YES;
				MACOSX_DEPLOYMENT_TARGET = 10.12;
				MTL_ENABLE_DEBUG_INFO = YES;
				ONLY_ACTIVE_ARCH = YES;
				SDKROOT = macosx;
				SWIFT_ACTIVE_COMPILATION_CONDITIONS = DEBUG;
				SWIFT_OPTIMIZATION_LEVEL = "-Onone";
			};
			name = Debug;
		};
		204E74E01FEEE9F8004C76F3 /* Release */ = {
			isa = XCBuildConfiguration;
			buildSettings = {
				ALWAYS_SEARCH_USER_PATHS = NO;
				CLANG_ANALYZER_NONNULL = YES;
				CLANG_ANALYZER_NUMBER_OBJECT_CONVERSION = YES_AGGRESSIVE;
				CLANG_CXX_LANGUAGE_STANDARD = "gnu++14";
				CLANG_CXX_LIBRARY = "libc++";
				CLANG_ENABLE_MODULES = YES;
				CLANG_ENABLE_OBJC_ARC = YES;
				CLANG_WARN_BLOCK_CAPTURE_AUTORELEASING = YES;
				CLANG_WARN_BOOL_CONVERSION = YES;
				CLANG_WARN_COMMA = YES;
				CLANG_WARN_CONSTANT_CONVERSION = YES;
				CLANG_WARN_DIRECT_OBJC_ISA_USAGE = YES_ERROR;
				CLANG_WARN_DOCUMENTATION_COMMENTS = YES;
				CLANG_WARN_EMPTY_BODY = YES;
				CLANG_WARN_ENUM_CONVERSION = YES;
				CLANG_WARN_INFINITE_RECURSION = YES;
				CLANG_WARN_INT_CONVERSION = YES;
				CLANG_WARN_NON_LITERAL_NULL_CONVERSION = YES;
				CLANG_WARN_OBJC_LITERAL_CONVERSION = YES;
				CLANG_WARN_OBJC_ROOT_CLASS = YES_ERROR;
				CLANG_WARN_RANGE_LOOP_ANALYSIS = YES;
				CLANG_WARN_STRICT_PROTOTYPES = YES;
				CLANG_WARN_SUSPICIOUS_MOVE = YES;
				CLANG_WARN_UNGUARDED_AVAILABILITY = YES_AGGRESSIVE;
				CLANG_WARN_UNREACHABLE_CODE = YES;
				CLANG_WARN__DUPLICATE_METHOD_MATCH = YES;
				CODE_SIGN_IDENTITY = "Mac Developer";
				COPY_PHASE_STRIP = NO;
				DEBUG_INFORMATION_FORMAT = "dwarf-with-dsym";
				ENABLE_NS_ASSERTIONS = NO;
				ENABLE_STRICT_OBJC_MSGSEND = YES;
				GCC_C_LANGUAGE_STANDARD = gnu11;
				GCC_NO_COMMON_BLOCKS = YES;
				GCC_WARN_64_TO_32_BIT_CONVERSION = YES;
				GCC_WARN_ABOUT_RETURN_TYPE = YES_ERROR;
				GCC_WARN_UNDECLARED_SELECTOR = YES;
				GCC_WARN_UNINITIALIZED_AUTOS = YES_AGGRESSIVE;
				GCC_WARN_UNUSED_FUNCTION = YES;
				GCC_WARN_UNUSED_VARIABLE = YES;
				MACOSX_DEPLOYMENT_TARGET = 10.12;
				MTL_ENABLE_DEBUG_INFO = NO;
				SDKROOT = macosx;
				SWIFT_OPTIMIZATION_LEVEL = "-Owholemodule";
			};
			name = Release;
		};
		204E74E21FEEE9F8004C76F3 /* Debug */ = {
			isa = XCBuildConfiguration;
			buildSettings = {
				ASSETCATALOG_COMPILER_APPICON_NAME = AppIcon;
				CODE_SIGN_ENTITLEMENTS = TrackParser/TrackParser.entitlements;
				CODE_SIGN_STYLE = Automatic;
				COMBINE_HIDPI_IMAGES = YES;
				DEVELOPMENT_TEAM = XXYXWGAW9Y;
				INFOPLIST_FILE = TrackParser/Info.plist;
				LD_RUNPATH_SEARCH_PATHS = "$(inherited) @executable_path/../Frameworks";
				PRODUCT_BUNDLE_IDENTIFIER = com.ritamsarmah.TrackParser;
				PRODUCT_NAME = "$(TARGET_NAME)";
				SWIFT_VERSION = 4.0;
			};
			name = Debug;
		};
		204E74E31FEEE9F8004C76F3 /* Release */ = {
			isa = XCBuildConfiguration;
			buildSettings = {
				ASSETCATALOG_COMPILER_APPICON_NAME = AppIcon;
				CODE_SIGN_ENTITLEMENTS = TrackParser/TrackParser.entitlements;
				CODE_SIGN_STYLE = Automatic;
				COMBINE_HIDPI_IMAGES = YES;
				DEVELOPMENT_TEAM = XXYXWGAW9Y;
				INFOPLIST_FILE = TrackParser/Info.plist;
				LD_RUNPATH_SEARCH_PATHS = "$(inherited) @executable_path/../Frameworks";
				PRODUCT_BUNDLE_IDENTIFIER = com.ritamsarmah.TrackParser;
				PRODUCT_NAME = "$(TARGET_NAME)";
				SWIFT_VERSION = 4.0;
			};
			name = Release;
		};
/* End XCBuildConfiguration section */

/* Begin XCConfigurationList section */
		204E74CC1FEEE9F8004C76F3 /* Build configuration list for PBXProject "TrackParser" */ = {
			isa = XCConfigurationList;
			buildConfigurations = (
				204E74DF1FEEE9F8004C76F3 /* Debug */,
				204E74E01FEEE9F8004C76F3 /* Release */,
			);
			defaultConfigurationIsVisible = 0;
			defaultConfigurationName = Release;
		};
		204E74E11FEEE9F8004C76F3 /* Build configuration list for PBXNativeTarget "TrackParser" */ = {
			isa = XCConfigurationList;
			buildConfigurations = (
				204E74E21FEEE9F8004C76F3 /* Debug */,
				204E74E31FEEE9F8004C76F3 /* Release */,
			);
			defaultConfigurationIsVisible = 0;
			defaultConfigurationName = Release;
		};
/* End XCConfigurationList section */
	};
	rootObject = 204E74C91FEEE9F8004C76F3 /* Project object */;
}
